{
  "nodes": {
    "flake-compat": {
      "flake": false,
      "locked": {
        "lastModified": 1650374568,
        "narHash": "sha256-Z+s0J8/r907g149rllvwhb4pKi8Wam5ij0st8PwAh+E=",
        "owner": "edolstra",
        "repo": "flake-compat",
        "rev": "b4a34015c698c7793d592d66adbab377907a2be8",
        "type": "github"
      },
      "original": {
        "owner": "edolstra",
        "repo": "flake-compat",
        "type": "github"
      }
    },
    "flake-utils": {
      "locked": {
        "lastModified": 1652776076,
        "narHash": "sha256-gzTw/v1vj4dOVbpBSJX4J0DwUR6LIyXo7/SuuTJp1kM=",
        "owner": "numtide",
        "repo": "flake-utils",
        "rev": "04c1b180862888302ddfb2e3ad9eaa63afc60cf8",
        "type": "github"
      },
      "original": {
        "owner": "numtide",
        "repo": "flake-utils",
        "type": "github"
      }
    },
    "nixpkgs": {
      "locked": {
        "lastModified": 1652659998,
        "narHash": "sha256-FqNrXC1EE6U2RACwXBlsAvg1lqQGLYpuYb6+W3DL9vA=",
        "owner": "nixos",
        "repo": "nixpkgs",
        "rev": "1d7db1b9e4cf1ee075a9f52e5c36f7b9f4207502",
        "type": "github"
      },
      "original": {
        "owner": "nixos",
        "ref": "nixos-unstable",
        "repo": "nixpkgs",
        "type": "github"
      }
    },
    "root": {
      "inputs": {
        "flake-compat": "flake-compat",
        "flake-utils": "flake-utils",
        "nixpkgs": "nixpkgs",
        "wallpaper-generator": "wallpaper-generator"
      }
    },
    "wallpaper-generator": {
      "flake": false,
      "locked": {
        "lastModified": 1646957110,
        "narHash": "sha256-JLtzeHwcudY/tsGxoqCyf7n1zy64w/uTLl4cfx5m1vE=",
        "owner": "pinpox",
        "repo": "wallpaper-generator",
        "rev": "3ce21c2b9bb7f38da653f7ad6af777d9c026b807",
        "type": "github"
      },
      "original": {
        "owner": "pinpox",
        "repo": "wallpaper-generator",
        "type": "github"
      }
    }
  },
  "root": "root",
  "version": 7
}
