{
  "nodes": {
    "nixpkgs": {
      "locked": {
        "lastModified": 1621160191,
        "narHash": "sha256-5xaEDqmmDsJnd2agtmEIrbUHSuNjTqidJPkBrmls6Ek=",
        "owner": "nixos",
        "repo": "nixpkgs",
        "rev": "7a1fbc38a4b538450ac0d42aec8a3e513b4d723e",
        "type": "github"
      },
      "original": {
        "owner": "nixos",
        "ref": "nixos-unstable",
        "repo": "nixpkgs",
        "type": "github"
      }
    },
    "root": {
      "inputs": {
        "nixpkgs": "nixpkgs",
        "wallpaper-generator": "wallpaper-generator"
      }
    },
    "wallpaper-generator": {
      "flake": false,
      "locked": {
        "lastModified": 1616613968,
        "narHash": "sha256-vZzc1ViF/3rCm81+x+pyneuOzoWd0przy9ULgwhGSj4=",
        "owner": "pinpox",
        "repo": "wallpaper-generator",
        "rev": "a72af2e0e0addb25fafe3262c7d19e3ce206a095",
        "type": "github"
      },
      "original": {
        "owner": "pinpox",
        "repo": "wallpaper-generator",
        "type": "github"
      }
    }
  },
  "root": "root",
  "version": 7
}
