{
  "nodes": {
    "nixpkgs": {
      "locked": {
        "lastModified": 1610842533,
        "narHash": "sha256-6hW8CML8RnNrRJMv7E56rXAhsCNgUM97HIVSqWxnO64=",
        "owner": "nixos",
        "repo": "nixpkgs",
        "rev": "68398d2dd50efc2d878bf0f83bbc8bc323b6b0e0",
        "type": "github"
      },
      "original": {
        "owner": "nixos",
        "ref": "nixos-unstable",
        "repo": "nixpkgs",
        "type": "github"
      }
    },
    "root": {
      "inputs": {
        "nixpkgs": "nixpkgs",
        "wallpaper-generator": "wallpaper-generator"
      }
    },
    "wallpaper-generator": {
      "flake": false,
      "locked": {
        "lastModified": 1610991572,
        "narHash": "sha256-TYnKJr+CIXFNSD18xqOgXD0ck+4HBf+/3ZCuYMhcgGk=",
        "owner": "pinpox",
        "repo": "wallpaper-generator",
        "rev": "9e61ad0de3a924447c7113dac5e1a34a0b8af708",
        "type": "github"
      },
      "original": {
        "owner": "pinpox",
        "repo": "wallpaper-generator",
        "type": "github"
      }
    }
  },
  "root": "root",
  "version": 7
}
